
Microsoft Visual Studio Solution File, Format Version 12.00
# Visual Studio Version 17
VisualStudioVersion = 17.10.35122.118
MinimumVisualStudioVersion = 10.0.40219.1
Project("{FAE04EC0-301F-11D3-BF4B-00C04F79EFBC}") = "Investo.Presentation", "Investo\Investo.Presentation.csproj", "{BBEC95E7-4DF0-41EF-AD7C-CB90142B7B46}"
EndProject
Project("{FAE04EC0-301F-11D3-BF4B-00C04F79EFBC}") = "Investo.Entities", "Investo.Entities\Investo.Entities.csproj", "{4E862348-A4BC-4036-8654-F66B59DBE922}"
EndProject
Project("{FAE04EC0-301F-11D3-BF4B-00C04F79EFBC}") = "Investo.DataAccess", "Investo.DataAccess\Investo.DataAccess.csproj", "{A234AF0A-69A4-4C7E-AB54-A643F2F65BE5}"
EndProject
Global
	GlobalSection(SolutionConfigurationPlatforms) = preSolution
		Debug|Any CPU = Debug|Any CPU
		Release|Any CPU = Release|Any CPU
	EndGlobalSection
	GlobalSection(ProjectConfigurationPlatforms) = postSolution
		{BBEC95E7-4DF0-41EF-AD7C-CB90142B7B46}.Debug|Any CPU.ActiveCfg = Debug|Any CPU
		{BBEC95E7-4DF0-41EF-AD7C-CB90142B7B46}.Debug|Any CPU.Build.0 = Debug|Any CPU
		{BBEC95E7-4DF0-41EF-AD7C-CB90142B7B46}.Release|Any CPU.ActiveCfg = Release|Any CPU
		{BBEC95E7-4DF0-41EF-AD7C-CB90142B7B46}.Release|Any CPU.Build.0 = Release|Any CPU
		{4E862348-A4BC-4036-8654-F66B59DBE922}.Debug|Any CPU.ActiveCfg = Debug|Any CPU
		{4E862348-A4BC-4036-8654-F66B59DBE922}.Debug|Any CPU.Build.0 = Debug|Any CPU
		{4E862348-A4BC-4036-8654-F66B59DBE922}.Release|Any CPU.ActiveCfg = Release|Any CPU
		{4E862348-A4BC-4036-8654-F66B59DBE922}.Release|Any CPU.Build.0 = Release|Any CPU
		{A234AF0A-69A4-4C7E-AB54-A643F2F65BE5}.Debug|Any CPU.ActiveCfg = Debug|Any CPU
		{A234AF0A-69A4-4C7E-AB54-A643F2F65BE5}.Debug|Any CPU.Build.0 = Debug|Any CPU
		{A234AF0A-69A4-4C7E-AB54-A643F2F65BE5}.Release|Any CPU.ActiveCfg = Release|Any CPU
		{A234AF0A-69A4-4C7E-AB54-A643F2F65BE5}.Release|Any CPU.Build.0 = Release|Any CPU
	EndGlobalSection
	GlobalSection(SolutionProperties) = preSolution
		HideSolutionNode = FALSE
	EndGlobalSection
	GlobalSection(ExtensibilityGlobals) = postSolution
		SolutionGuid = {8802018F-6FD8-46DD-8882-1106FD697583}
	EndGlobalSection
EndGlobal
